
Microsoft Visual Studio Solution File, Format Version 12.00
# Visual Studio Version 16
VisualStudioVersion = 16.0.29009.5
MinimumVisualStudioVersion = 10.0.40219.1
Project("{FAE04EC0-301F-11D3-BF4B-00C04F79EFBC}") = "WebService", "WebService\WebService.csproj", "{01DFADC8-BD8E-49D1-97C4-7708C1BF2AFD}"
EndProject
Global
	GlobalSection(SolutionConfigurationPlatforms) = preSolution
		Debug|Any CPU = Debug|Any CPU
		Release|Any CPU = Release|Any CPU
	EndGlobalSection
	GlobalSection(ProjectConfigurationPlatforms) = postSolution
		{01DFADC8-BD8E-49D1-97C4-7708C1BF2AFD}.Debug|Any CPU.ActiveCfg = Debug|Any CPU
		{01DFADC8-BD8E-49D1-97C4-7708C1BF2AFD}.Debug|Any CPU.Build.0 = Debug|Any CPU
		{01DFADC8-BD8E-49D1-97C4-7708C1BF2AFD}.Release|Any CPU.ActiveCfg = Release|Any CPU
		{01DFADC8-BD8E-49D1-97C4-7708C1BF2AFD}.Release|Any CPU.Build.0 = Release|Any CPU
	EndGlobalSection
	GlobalSection(SolutionProperties) = preSolution
		HideSolutionNode = FALSE
	EndGlobalSection
	GlobalSection(ExtensibilityGlobals) = postSolution
		SolutionGuid = {14015DF7-E3C7-40BD-A70D-C65AC926301A}
	EndGlobalSection
EndGlobal
